
Microsoft Visual Studio Solution File, Format Version 12.00
# Visual Studio 15
VisualStudioVersion = 15.0.28307.136
MinimumVisualStudioVersion = 10.0.40219.1
Project("{9A19103F-16F7-4668-BE54-9A1E7A4F7556}") = "COSXML", "COSXML\COSXML.csproj", "{7AD77A24-DC06-422B-B0F7-F3EC9F01FE4F}"
EndProject
Project("{FAE04EC0-301F-11D3-BF4B-00C04F79EFBC}") = "Demo", "Demo\Demo.csproj", "{C8963F15-386D-4B00-A561-2674ABE5ADE6}"
EndProject
Global
	GlobalSection(SolutionConfigurationPlatforms) = preSolution
		Debug|Any CPU = Debug|Any CPU
		Release|Any CPU = Release|Any CPU
	EndGlobalSection
	GlobalSection(ProjectConfigurationPlatforms) = postSolution
		{7AD77A24-DC06-422B-B0F7-F3EC9F01FE4F}.Debug|Any CPU.ActiveCfg = Debug|Any CPU
		{7AD77A24-DC06-422B-B0F7-F3EC9F01FE4F}.Debug|Any CPU.Build.0 = Debug|Any CPU
		{7AD77A24-DC06-422B-B0F7-F3EC9F01FE4F}.Release|Any CPU.ActiveCfg = Release|Any CPU
		{7AD77A24-DC06-422B-B0F7-F3EC9F01FE4F}.Release|Any CPU.Build.0 = Release|Any CPU
		{C8963F15-386D-4B00-A561-2674ABE5ADE6}.Debug|Any CPU.ActiveCfg = Debug|Any CPU
		{C8963F15-386D-4B00-A561-2674ABE5ADE6}.Debug|Any CPU.Build.0 = Debug|Any CPU
		{C8963F15-386D-4B00-A561-2674ABE5ADE6}.Release|Any CPU.ActiveCfg = Release|Any CPU
		{C8963F15-386D-4B00-A561-2674ABE5ADE6}.Release|Any CPU.Build.0 = Release|Any CPU
	EndGlobalSection
	GlobalSection(SolutionProperties) = preSolution
		HideSolutionNode = FALSE
	EndGlobalSection
	GlobalSection(ExtensibilityGlobals) = postSolution
		SolutionGuid = {FE6CD6D1-AA04-4FF9-8D82-5F055E284713}
	EndGlobalSection
EndGlobal
